
Microsoft Visual Studio Solution File, Format Version 12.00
# Visual Studio Version 16
VisualStudioVersion = 16.0.30523.141
MinimumVisualStudioVersion = 10.0.40219.1
Project("{FAE04EC0-301F-11D3-BF4B-00C04F79EFBC}") = "15Game", "15Game\15Game.csproj", "{7B89C312-DCCD-480F-855C-4F7C96F3A00E}"
EndProject
Global
	GlobalSection(SolutionConfigurationPlatforms) = preSolution
		Debug|Any CPU = Debug|Any CPU
		Release|Any CPU = Release|Any CPU
	EndGlobalSection
	GlobalSection(ProjectConfigurationPlatforms) = postSolution
		{7B89C312-DCCD-480F-855C-4F7C96F3A00E}.Debug|Any CPU.ActiveCfg = Debug|Any CPU
		{7B89C312-DCCD-480F-855C-4F7C96F3A00E}.Debug|Any CPU.Build.0 = Debug|Any CPU
		{7B89C312-DCCD-480F-855C-4F7C96F3A00E}.Release|Any CPU.ActiveCfg = Release|Any CPU
		{7B89C312-DCCD-480F-855C-4F7C96F3A00E}.Release|Any CPU.Build.0 = Release|Any CPU
	EndGlobalSection
	GlobalSection(SolutionProperties) = preSolution
		HideSolutionNode = FALSE
	EndGlobalSection
	GlobalSection(ExtensibilityGlobals) = postSolution
		SolutionGuid = {7618F558-06C4-4B4A-BC97-913F0A9B8633}
	EndGlobalSection
EndGlobal
